// !$*UTF8*$!
{
	archiveVersion = 1;
	classes = {
	};
	objectVersion = 77;
	objects = {

/* Begin PBXBuildFile section */
		FA7D5F132E9C4DD1000D0F49 /* _RopeModule in Frameworks */ = {isa = PBXBuildFile; productRef = FA7D5F122E9C4DD1000D0F49 /* _RopeModule */; };
		FA7D5F152E9C4DD1000D0F49 /* BasicContainers in Frameworks */ = {isa = PBXBuildFile; productRef = FA7D5F142E9C4DD1000D0F49 /* BasicContainers */; };
		FA7D5F172E9C4DD1000D0F49 /* BitCollections in Frameworks */ = {isa = PBXBuildFile; productRef = FA7D5F162E9C4DD1000D0F49 /* BitCollections */; };
		FA7D5F192E9C4DD1000D0F49 /* Collections in Frameworks */ = {isa = PBXBuildFile; productRef = FA7D5F182E9C4DD1000D0F49 /* Collections */; };
		FA7D5F1B2E9C4DD1000D0F49 /* ContainersPreview in Frameworks */ = {isa = PBXBuildFile; productRef = FA7D5F1A2E9C4DD1000D0F49 /* ContainersPreview */; };
		FA7D5F1D2E9C4DD1000D0F49 /* DequeModule in Frameworks */ = {isa = PBXBuildFile; productRef = FA7D5F1C2E9C4DD1000D0F49 /* DequeModule */; };
		FA7D5F1F2E9C4DD1000D0F49 /* HashTreeCollections in Frameworks */ = {isa = PBXBuildFile; productRef = FA7D5F1E2E9C4DD1000D0F49 /* HashTreeCollections */; };
		FA7D5F212E9C4DD1000D0F49 /* HeapModule in Frameworks */ = {isa = PBXBuildFile; productRef = FA7D5F202E9C4DD1000D0F49 /* HeapModule */; };
		FAD784692E9C22EC00F00AFE /* OrderedCollections in Frameworks */ = {isa = PBXBuildFile; productRef = FAD784682E9C22EC00F00AFE /* OrderedCollections */; };
/* End PBXBuildFile section */

/* Begin PBXContainerItemProxy section */
		FA59F5422E22825900E3D2C1 /* PBXContainerItemProxy */ = {
			isa = PBXContainerItemProxy;
			containerPortal = FA59F52B2E22825700E3D2C1 /* Project object */;
			proxyType = 1;
			remoteGlobalIDString = FA59F5322E22825700E3D2C1;
			remoteInfo = BKMD;
		};
		FA59F54C2E22825900E3D2C1 /* PBXContainerItemProxy */ = {
			isa = PBXContainerItemProxy;
			containerPortal = FA59F52B2E22825700E3D2C1 /* Project object */;
			proxyType = 1;
			remoteGlobalIDString = FA59F5322E22825700E3D2C1;
			remoteInfo = BKMD;
		};
/* End PBXContainerItemProxy section */

/* Begin PBXFileReference section */
		FA59F5332E22825700E3D2C1 /* BKMD.app */ = {isa = PBXFileReference; explicitFileType = wrapper.application; includeInIndex = 0; path = BKMD.app; sourceTree = BUILT_PRODUCTS_DIR; };
		FA59F5412E22825900E3D2C1 /* BKMDTests.xctest */ = {isa = PBXFileReference; explicitFileType = wrapper.cfbundle; includeInIndex = 0; path = BKMDTests.xctest; sourceTree = BUILT_PRODUCTS_DIR; };
		FA59F54B2E22825900E3D2C1 /* BKMDUITests.xctest */ = {isa = PBXFileReference; explicitFileType = wrapper.cfbundle; includeInIndex = 0; path = BKMDUITests.xctest; sourceTree = BUILT_PRODUCTS_DIR; };
/* End PBXFileReference section */

/* Begin PBXFileSystemSynchronizedBuildFileExceptionSet section */
		FA522FCC2E45331E0035F2C3 /* Exceptions for "BKMD" folder in "BKMD" target */ = {
			isa = PBXFileSystemSynchronizedBuildFileExceptionSet;
			membershipExceptions = (
				Info.plist,
			);
			target = FA59F5322E22825700E3D2C1 /* BKMD */;
		};
/* End PBXFileSystemSynchronizedBuildFileExceptionSet section */

/* Begin PBXFileSystemSynchronizedRootGroup section */
		FA59F5352E22825700E3D2C1 /* BKMD */ = {
			isa = PBXFileSystemSynchronizedRootGroup;
			exceptions = (
				FA522FCC2E45331E0035F2C3 /* Exceptions for "BKMD" folder in "BKMD" target */,
			);
			path = BKMD;
			sourceTree = "<group>";
		};
		FA59F5442E22825900E3D2C1 /* BKMDTests */ = {
			isa = PBXFileSystemSynchronizedRootGroup;
			path = BKMDTests;
			sourceTree = "<group>";
		};
		FA59F54E2E22825900E3D2C1 /* BKMDUITests */ = {
			isa = PBXFileSystemSynchronizedRootGroup;
			path = BKMDUITests;
			sourceTree = "<group>";
		};
/* End PBXFileSystemSynchronizedRootGroup section */

/* Begin PBXFrameworksBuildPhase section */
		FA59F5302E22825700E3D2C1 /* Frameworks */ = {
			isa = PBXFrameworksBuildPhase;
			buildActionMask = 2147483647;
			files = (
				FA7D5F172E9C4DD1000D0F49 /* BitCollections in Frameworks */,
				FA7D5F152E9C4DD1000D0F49 /* BasicContainers in Frameworks */,
				FA7D5F192E9C4DD1000D0F49 /* Collections in Frameworks */,
				FA7D5F1D2E9C4DD1000D0F49 /* DequeModule in Frameworks */,
				FA7D5F1B2E9C4DD1000D0F49 /* ContainersPreview in Frameworks */,
				FA7D5F132E9C4DD1000D0F49 /* _RopeModule in Frameworks */,
				FA7D5F1F2E9C4DD1000D0F49 /* HashTreeCollections in Frameworks */,
				FA7D5F212E9C4DD1000D0F49 /* HeapModule in Frameworks */,
				FAD784692E9C22EC00F00AFE /* OrderedCollections in Frameworks */,
			);
			runOnlyForDeploymentPostprocessing = 0;
		};
		FA59F53E2E22825900E3D2C1 /* Frameworks */ = {
			isa = PBXFrameworksBuildPhase;
			buildActionMask = 2147483647;
			files = (
			);
			runOnlyForDeploymentPostprocessing = 0;
		};
		FA59F5482E22825900E3D2C1 /* Frameworks */ = {
			isa = PBXFrameworksBuildPhase;
			buildActionMask = 2147483647;
			files = (
			);
			runOnlyForDeploymentPostprocessing = 0;
		};
/* End PBXFrameworksBuildPhase section */

/* Begin PBXGroup section */
		FA59F52A2E22825700E3D2C1 = {
			isa = PBXGroup;
			children = (
				FA59F5352E22825700E3D2C1 /* BKMD */,
				FA59F5442E22825900E3D2C1 /* BKMDTests */,
				FA59F54E2E22825900E3D2C1 /* BKMDUITests */,
				FA7D5F112E9C4DD1000D0F49 /* Frameworks */,
				FA59F5342E22825700E3D2C1 /* Products */,
			);
			sourceTree = "<group>";
		};
		FA59F5342E22825700E3D2C1 /* Products */ = {
			isa = PBXGroup;
			children = (
				FA59F5332E22825700E3D2C1 /* BKMD.app */,
				FA59F5412E22825900E3D2C1 /* BKMDTests.xctest */,
				FA59F54B2E22825900E3D2C1 /* BKMDUITests.xctest */,
			);
			name = Products;
			sourceTree = "<group>";
		};
		FA7D5F112E9C4DD1000D0F49 /* Frameworks */ = {
			isa = PBXGroup;
			children = (
			);
			name = Frameworks;
			sourceTree = "<group>";
		};
/* End PBXGroup section */

/* Begin PBXNativeTarget section */
		FA59F5322E22825700E3D2C1 /* BKMD */ = {
			isa = PBXNativeTarget;
			buildConfigurationList = FA59F5552E22825900E3D2C1 /* Build configuration list for PBXNativeTarget "BKMD" */;
			buildPhases = (
				FA59F52F2E22825700E3D2C1 /* Sources */,
				FA59F5302E22825700E3D2C1 /* Frameworks */,
				FA59F5312E22825700E3D2C1 /* Resources */,
			);
			buildRules = (
			);
			dependencies = (
			);
			fileSystemSynchronizedGroups = (
				FA59F5352E22825700E3D2C1 /* BKMD */,
			);
			name = BKMD;
			packageProductDependencies = (
				FAD784682E9C22EC00F00AFE /* OrderedCollections */,
				FA7D5F122E9C4DD1000D0F49 /* _RopeModule */,
				FA7D5F142E9C4DD1000D0F49 /* BasicContainers */,
				FA7D5F162E9C4DD1000D0F49 /* BitCollections */,
				FA7D5F182E9C4DD1000D0F49 /* Collections */,
				FA7D5F1A2E9C4DD1000D0F49 /* ContainersPreview */,
				FA7D5F1C2E9C4DD1000D0F49 /* DequeModule */,
				FA7D5F1E2E9C4DD1000D0F49 /* HashTreeCollections */,
				FA7D5F202E9C4DD1000D0F49 /* HeapModule */,
			);
			productName = BKMD;
			productReference = FA59F5332E22825700E3D2C1 /* BKMD.app */;
			productType = "com.apple.product-type.application";
		};
		FA59F5402E22825900E3D2C1 /* BKMDTests */ = {
			isa = PBXNativeTarget;
			buildConfigurationList = FA59F5582E22825900E3D2C1 /* Build configuration list for PBXNativeTarget "BKMDTests" */;
			buildPhases = (
				FA59F53D2E22825900E3D2C1 /* Sources */,
				FA59F53E2E22825900E3D2C1 /* Frameworks */,
				FA59F53F2E22825900E3D2C1 /* Resources */,
			);
			buildRules = (
			);
			dependencies = (
				FA59F5432E22825900E3D2C1 /* PBXTargetDependency */,
			);
			fileSystemSynchronizedGroups = (
				FA59F5442E22825900E3D2C1 /* BKMDTests */,
			);
			name = BKMDTests;
			packageProductDependencies = (
			);
			productName = BKMDTests;
			productReference = FA59F5412E22825900E3D2C1 /* BKMDTests.xctest */;
			productType = "com.apple.product-type.bundle.unit-test";
		};
		FA59F54A2E22825900E3D2C1 /* BKMDUITests */ = {
			isa = PBXNativeTarget;
			buildConfigurationList = FA59F55B2E22825900E3D2C1 /* Build configuration list for PBXNativeTarget "BKMDUITests" */;
			buildPhases = (
				FA59F5472E22825900E3D2C1 /* Sources */,
				FA59F5482E22825900E3D2C1 /* Frameworks */,
				FA59F5492E22825900E3D2C1 /* Resources */,
			);
			buildRules = (
			);
			dependencies = (
				FA59F54D2E22825900E3D2C1 /* PBXTargetDependency */,
			);
			fileSystemSynchronizedGroups = (
				FA59F54E2E22825900E3D2C1 /* BKMDUITests */,
			);
			name = BKMDUITests;
			packageProductDependencies = (
			);
			productName = BKMDUITests;
			productReference = FA59F54B2E22825900E3D2C1 /* BKMDUITests.xctest */;
			productType = "com.apple.product-type.bundle.ui-testing";
		};
/* End PBXNativeTarget section */

/* Begin PBXProject section */
		FA59F52B2E22825700E3D2C1 /* Project object */ = {
			isa = PBXProject;
			attributes = {
				BuildIndependentTargetsInParallel = 1;
				LastSwiftUpdateCheck = 1640;
				LastUpgradeCheck = 1640;
				TargetAttributes = {
					FA59F5322E22825700E3D2C1 = {
						CreatedOnToolsVersion = 16.4;
					};
					FA59F5402E22825900E3D2C1 = {
						CreatedOnToolsVersion = 16.4;
						TestTargetID = FA59F5322E22825700E3D2C1;
					};
					FA59F54A2E22825900E3D2C1 = {
						CreatedOnToolsVersion = 16.4;
						TestTargetID = FA59F5322E22825700E3D2C1;
					};
				};
			};
			buildConfigurationList = FA59F52E2E22825700E3D2C1 /* Build configuration list for PBXProject "BKMD" */;
			developmentRegion = en;
			hasScannedForEncodings = 0;
			knownRegions = (
				en,
				Base,
			);
			mainGroup = FA59F52A2E22825700E3D2C1;
			minimizedProjectReferenceProxies = 1;
			packageReferences = (
				FAD784672E9C220C00F00AFE /* XCRemoteSwiftPackageReference "swift-collections" */,
			);
			preferredProjectObjectVersion = 77;
			productRefGroup = FA59F5342E22825700E3D2C1 /* Products */;
			projectDirPath = "";
			projectRoot = "";
			targets = (
				FA59F5322E22825700E3D2C1 /* BKMD */,
				FA59F5402E22825900E3D2C1 /* BKMDTests */,
				FA59F54A2E22825900E3D2C1 /* BKMDUITests */,
			);
		};
/* End PBXProject section */

/* Begin PBXResourcesBuildPhase section */
		FA59F5312E22825700E3D2C1 /* Resources */ = {
			isa = PBXResourcesBuildPhase;
			buildActionMask = 2147483647;
			files = (
			);
			runOnlyForDeploymentPostprocessing = 0;
		};
		FA59F53F2E22825900E3D2C1 /* Resources */ = {
			isa = PBXResourcesBuildPhase;
			buildActionMask = 2147483647;
			files = (
			);
			runOnlyForDeploymentPostprocessing = 0;
		};
		FA59F5492E22825900E3D2C1 /* Resources */ = {
			isa = PBXResourcesBuildPhase;
			buildActionMask = 2147483647;
			files = (
			);
			runOnlyForDeploymentPostprocessing = 0;
		};
/* End PBXResourcesBuildPhase section */

/* Begin PBXSourcesBuildPhase section */
		FA59F52F2E22825700E3D2C1 /* Sources */ = {
			isa = PBXSourcesBuildPhase;
			buildActionMask = 2147483647;
			files = (
			);
			runOnlyForDeploymentPostprocessing = 0;
		};
		FA59F53D2E22825900E3D2C1 /* Sources */ = {
			isa = PBXSourcesBuildPhase;
			buildActionMask = 2147483647;
			files = (
			);
			runOnlyForDeploymentPostprocessing = 0;
		};
		FA59F5472E22825900E3D2C1 /* Sources */ = {
			isa = PBXSourcesBuildPhase;
			buildActionMask = 2147483647;
			files = (
			);
			runOnlyForDeploymentPostprocessing = 0;
		};
/* End PBXSourcesBuildPhase section */

/* Begin PBXTargetDependency section */
		FA59F5432E22825900E3D2C1 /* PBXTargetDependency */ = {
			isa = PBXTargetDependency;
			target = FA59F5322E22825700E3D2C1 /* BKMD */;
			targetProxy = FA59F5422E22825900E3D2C1 /* PBXContainerItemProxy */;
		};
		FA59F54D2E22825900E3D2C1 /* PBXTargetDependency */ = {
			isa = PBXTargetDependency;
			target = FA59F5322E22825700E3D2C1 /* BKMD */;
			targetProxy = FA59F54C2E22825900E3D2C1 /* PBXContainerItemProxy */;
		};
/* End PBXTargetDependency section */

/* Begin XCBuildConfiguration section */
		FA59F5532E22825900E3D2C1 /* Debug */ = {
			isa = XCBuildConfiguration;
			buildSettings = {
				ALWAYS_SEARCH_USER_PATHS = NO;
				ASSETCATALOG_COMPILER_GENERATE_SWIFT_ASSET_SYMBOL_EXTENSIONS = YES;
				CLANG_ANALYZER_NONNULL = YES;
				CLANG_ANALYZER_NUMBER_OBJECT_CONVERSION = YES_AGGRESSIVE;
				CLANG_CXX_LANGUAGE_STANDARD = "gnu++20";
				CLANG_ENABLE_MODULES = YES;
				CLANG_ENABLE_OBJC_ARC = YES;
				CLANG_ENABLE_OBJC_WEAK = YES;
				CLANG_WARN_BLOCK_CAPTURE_AUTORELEASING = YES;
				CLANG_WARN_BOOL_CONVERSION = YES;
				CLANG_WARN_COMMA = YES;
				CLANG_WARN_CONSTANT_CONVERSION = YES;
				CLANG_WARN_DEPRECATED_OBJC_IMPLEMENTATIONS = YES;
				CLANG_WARN_DIRECT_OBJC_ISA_USAGE = YES_ERROR;
				CLANG_WARN_DOCUMENTATION_COMMENTS = YES;
				CLANG_WARN_EMPTY_BODY = YES;
				CLANG_WARN_ENUM_CONVERSION = YES;
				CLANG_WARN_INFINITE_RECURSION = YES;
				CLANG_WARN_INT_CONVERSION = YES;
				CLANG_WARN_NON_LITERAL_NULL_CONVERSION = YES;
				CLANG_WARN_OBJC_IMPLICIT_RETAIN_SELF = YES;
				CLANG_WARN_OBJC_LITERAL_CONVERSION = YES;
				CLANG_WARN_OBJC_ROOT_CLASS = YES_ERROR;
				CLANG_WARN_QUOTED_INCLUDE_IN_FRAMEWORK_HEADER = YES;
				CLANG_WARN_RANGE_LOOP_ANALYSIS = YES;
				CLANG_WARN_STRICT_PROTOTYPES = YES;
				CLANG_WARN_SUSPICIOUS_MOVE = YES;
				CLANG_WARN_UNGUARDED_AVAILABILITY = YES_AGGRESSIVE;
				CLANG_WARN_UNREACHABLE_CODE = YES;
				CLANG_WARN__DUPLICATE_METHOD_MATCH = YES;
				COPY_PHASE_STRIP = NO;
				DEBUG_INFORMATION_FORMAT = dwarf;
				ENABLE_STRICT_OBJC_MSGSEND = YES;
				ENABLE_TESTABILITY = YES;
				ENABLE_USER_SCRIPT_SANDBOXING = YES;
				GCC_C_LANGUAGE_STANDARD = gnu17;
				GCC_DYNAMIC_NO_PIC = NO;
				GCC_NO_COMMON_BLOCKS = YES;
				GCC_OPTIMIZATION_LEVEL = 0;
				GCC_PREPROCESSOR_DEFINITIONS = (
					"DEBUG=1",
					"$(inherited)",
				);
				GCC_WARN_64_TO_32_BIT_CONVERSION = YES;
				GCC_WARN_ABOUT_RETURN_TYPE = YES_ERROR;
				GCC_WARN_UNDECLARED_SELECTOR = YES;
				GCC_WARN_UNINITIALIZED_AUTOS = YES_AGGRESSIVE;
				GCC_WARN_UNUSED_FUNCTION = YES;
				GCC_WARN_UNUSED_VARIABLE = YES;
				LOCALIZATION_PREFERS_STRING_CATALOGS = YES;
				MTL_ENABLE_DEBUG_INFO = INCLUDE_SOURCE;
				MTL_FAST_MATH = YES;
				ONLY_ACTIVE_ARCH = YES;
				SWIFT_ACTIVE_COMPILATION_CONDITIONS = "DEBUG $(inherited)";
				SWIFT_OPTIMIZATION_LEVEL = "-Onone";
			};
			name = Debug;
		};
		FA59F5542E22825900E3D2C1 /* Release */ = {
			isa = XCBuildConfiguration;
			buildSettings = {
				ALWAYS_SEARCH_USER_PATHS = NO;
				ASSETCATALOG_COMPILER_GENERATE_SWIFT_ASSET_SYMBOL_EXTENSIONS = YES;
				CLANG_ANALYZER_NONNULL = YES;
				CLANG_ANALYZER_NUMBER_OBJECT_CONVERSION = YES_AGGRESSIVE;
				CLANG_CXX_LANGUAGE_STANDARD = "gnu++20";
				CLANG_ENABLE_MODULES = YES;
				CLANG_ENABLE_OBJC_ARC = YES;
				CLANG_ENABLE_OBJC_WEAK = YES;
				CLANG_WARN_BLOCK_CAPTURE_AUTORELEASING = YES;
				CLANG_WARN_BOOL_CONVERSION = YES;
				CLANG_WARN_COMMA = YES;
				CLANG_WARN_CONSTANT_CONVERSION = YES;
				CLANG_WARN_DEPRECATED_OBJC_IMPLEMENTATIONS = YES;
				CLANG_WARN_DIRECT_OBJC_ISA_USAGE = YES_ERROR;
				CLANG_WARN_DOCUMENTATION_COMMENTS = YES;
				CLANG_WARN_EMPTY_BODY = YES;
				CLANG_WARN_ENUM_CONVERSION = YES;
				CLANG_WARN_INFINITE_RECURSION = YES;
				CLANG_WARN_INT_CONVERSION = YES;
				CLANG_WARN_NON_LITERAL_NULL_CONVERSION = YES;
				CLANG_WARN_OBJC_IMPLICIT_RETAIN_SELF = YES;
				CLANG_WARN_OBJC_LITERAL_CONVERSION = YES;
				CLANG_WARN_OBJC_ROOT_CLASS = YES_ERROR;
				CLANG_WARN_QUOTED_INCLUDE_IN_FRAMEWORK_HEADER = YES;
				CLANG_WARN_RANGE_LOOP_ANALYSIS = YES;
				CLANG_WARN_STRICT_PROTOTYPES = YES;
				CLANG_WARN_SUSPICIOUS_MOVE = YES;
				CLANG_WARN_UNGUARDED_AVAILABILITY = YES_AGGRESSIVE;
				CLANG_WARN_UNREACHABLE_CODE = YES;
				CLANG_WARN__DUPLICATE_METHOD_MATCH = YES;
				COPY_PHASE_STRIP = NO;
				DEBUG_INFORMATION_FORMAT = "dwarf-with-dsym";
				ENABLE_NS_ASSERTIONS = NO;
				ENABLE_STRICT_OBJC_MSGSEND = YES;
				ENABLE_USER_SCRIPT_SANDBOXING = YES;
				GCC_C_LANGUAGE_STANDARD = gnu17;
				GCC_NO_COMMON_BLOCKS = YES;
				GCC_WARN_64_TO_32_BIT_CONVERSION = YES;
				GCC_WARN_ABOUT_RETURN_TYPE = YES_ERROR;
				GCC_WARN_UNDECLARED_SELECTOR = YES;
				GCC_WARN_UNINITIALIZED_AUTOS = YES_AGGRESSIVE;
				GCC_WARN_UNUSED_FUNCTION = YES;
				GCC_WARN_UNUSED_VARIABLE = YES;
				LOCALIZATION_PREFERS_STRING_CATALOGS = YES;
				MTL_ENABLE_DEBUG_INFO = NO;
				MTL_FAST_MATH = YES;
				SWIFT_COMPILATION_MODE = wholemodule;
			};
			name = Release;
		};
		FA59F5562E22825900E3D2C1 /* Debug */ = {
			isa = XCBuildConfiguration;
			buildSettings = {
				ASSETCATALOG_COMPILER_APPICON_NAME = AppIcon;
				ASSETCATALOG_COMPILER_GLOBAL_ACCENT_COLOR_NAME = AccentColor;
				CODE_SIGN_ENTITLEMENTS = BKMD/BKMD.entitlements;
				CODE_SIGN_STYLE = Automatic;
				CURRENT_PROJECT_VERSION = 1;
				DEVELOPMENT_TEAM = WA9JDJM6DV;
				ENABLE_PREVIEWS = YES;
				GENERATE_INFOPLIST_FILE = YES;
				INFOPLIST_FILE = BKMD/Info.plist;
				INFOPLIST_KEY_CFBundleDisplayName = "Bluetooth Dongle";
				INFOPLIST_KEY_LSApplicationCategoryType = "public.app-category.developer-tools";
				INFOPLIST_KEY_NSBluetoothPeripheralUsageDescription = "This app uses Bluetooth to connect to nearby devices.";
				"INFOPLIST_KEY_UIApplicationSceneManifest_Generation[sdk=iphoneos*]" = YES;
				"INFOPLIST_KEY_UIApplicationSceneManifest_Generation[sdk=iphonesimulator*]" = YES;
				"INFOPLIST_KEY_UIApplicationSupportsIndirectInputEvents[sdk=iphoneos*]" = YES;
				"INFOPLIST_KEY_UIApplicationSupportsIndirectInputEvents[sdk=iphonesimulator*]" = YES;
				"INFOPLIST_KEY_UILaunchScreen_Generation[sdk=iphoneos*]" = YES;
				"INFOPLIST_KEY_UILaunchScreen_Generation[sdk=iphonesimulator*]" = YES;
				"INFOPLIST_KEY_UIStatusBarStyle[sdk=iphoneos*]" = UIStatusBarStyleDefault;
				"INFOPLIST_KEY_UIStatusBarStyle[sdk=iphonesimulator*]" = UIStatusBarStyleDefault;
				INFOPLIST_KEY_UISupportedInterfaceOrientations_iPad = "UIInterfaceOrientationPortrait UIInterfaceOrientationPortraitUpsideDown UIInterfaceOrientationLandscapeLeft UIInterfaceOrientationLandscapeRight";
				INFOPLIST_KEY_UISupportedInterfaceOrientations_iPhone = "UIInterfaceOrientationPortrait UIInterfaceOrientationLandscapeLeft UIInterfaceOrientationLandscapeRight";
				IPHONEOS_DEPLOYMENT_TARGET = 18.5;
				LD_RUNPATH_SEARCH_PATHS = "@executable_path/Frameworks";
				"LD_RUNPATH_SEARCH_PATHS[sdk=macosx*]" = "@executable_path/../Frameworks";
				MACOSX_DEPLOYMENT_TARGET = 15.0;
				MARKETING_VERSION = 1.0;
				PRODUCT_BUNDLE_IDENTIFIER = tuan.BKMD;
				PRODUCT_NAME = "$(TARGET_NAME)";
				REGISTER_APP_GROUPS = YES;
				SDKROOT = auto;
				SUPPORTED_PLATFORMS = "iphoneos iphonesimulator macosx xros xrsimulator";
				SWIFT_EMIT_LOC_STRINGS = YES;
				SWIFT_VERSION = 5.0;
				TARGETED_DEVICE_FAMILY = "1,2,7";
				XROS_DEPLOYMENT_TARGET = 2.5;
			};
			name = Debug;
		};
		FA59F5572E22825900E3D2C1 /* Release */ = {
			isa = XCBuildConfiguration;
			buildSettings = {
				ASSETCATALOG_COMPILER_APPICON_NAME = AppIcon;
				ASSETCATALOG_COMPILER_GLOBAL_ACCENT_COLOR_NAME = AccentColor;
				CODE_SIGN_ENTITLEMENTS = BKMD/BKMD.entitlements;
				CODE_SIGN_STYLE = Automatic;
				CURRENT_PROJECT_VERSION = 1;
				DEVELOPMENT_TEAM = WA9JDJM6DV;
				ENABLE_PREVIEWS = YES;
				GENERATE_INFOPLIST_FILE = YES;
				INFOPLIST_FILE = BKMD/Info.plist;
				INFOPLIST_KEY_CFBundleDisplayName = "Bluetooth Dongle";
				INFOPLIST_KEY_LSApplicationCategoryType = "public.app-category.developer-tools";
				INFOPLIST_KEY_NSBluetoothPeripheralUsageDescription = "This app uses Bluetooth to connect to nearby devices.";
				"INFOPLIST_KEY_UIApplicationSceneManifest_Generation[sdk=iphoneos*]" = YES;
				"INFOPLIST_KEY_UIApplicationSceneManifest_Generation[sdk=iphonesimulator*]" = YES;
				"INFOPLIST_KEY_UIApplicationSupportsIndirectInputEvents[sdk=iphoneos*]" = YES;
				"INFOPLIST_KEY_UIApplicationSupportsIndirectInputEvents[sdk=iphonesimulator*]" = YES;
				"INFOPLIST_KEY_UILaunchScreen_Generation[sdk=iphoneos*]" = YES;
				"INFOPLIST_KEY_UILaunchScreen_Generation[sdk=iphonesimulator*]" = YES;
				"INFOPLIST_KEY_UIStatusBarStyle[sdk=iphoneos*]" = UIStatusBarStyleDefault;
				"INFOPLIST_KEY_UIStatusBarStyle[sdk=iphonesimulator*]" = UIStatusBarStyleDefault;
				INFOPLIST_KEY_UISupportedInterfaceOrientations_iPad = "UIInterfaceOrientationPortrait UIInterfaceOrientationPortraitUpsideDown UIInterfaceOrientationLandscapeLeft UIInterfaceOrientationLandscapeRight";
				INFOPLIST_KEY_UISupportedInterfaceOrientations_iPhone = "UIInterfaceOrientationPortrait UIInterfaceOrientationLandscapeLeft UIInterfaceOrientationLandscapeRight";
				IPHONEOS_DEPLOYMENT_TARGET = 18.5;
				LD_RUNPATH_SEARCH_PATHS = "@executable_path/Frameworks";
				"LD_RUNPATH_SEARCH_PATHS[sdk=macosx*]" = "@executable_path/../Frameworks";
				MACOSX_DEPLOYMENT_TARGET = 15.0;
				MARKETING_VERSION = 1.0;
				PRODUCT_BUNDLE_IDENTIFIER = tuan.BKMD;
				PRODUCT_NAME = "$(TARGET_NAME)";
				REGISTER_APP_GROUPS = YES;
				SDKROOT = auto;
				SUPPORTED_PLATFORMS = "iphoneos iphonesimulator macosx xros xrsimulator";
				SWIFT_EMIT_LOC_STRINGS = YES;
				SWIFT_VERSION = 5.0;
				TARGETED_DEVICE_FAMILY = "1,2,7";
				XROS_DEPLOYMENT_TARGET = 2.5;
			};
			name = Release;
		};
		FA59F5592E22825900E3D2C1 /* Debug */ = {
			isa = XCBuildConfiguration;
			buildSettings = {
				BUNDLE_LOADER = "$(TEST_HOST)";
				CODE_SIGN_STYLE = Automatic;
				CURRENT_PROJECT_VERSION = 1;
				GENERATE_INFOPLIST_FILE = YES;
				IPHONEOS_DEPLOYMENT_TARGET = 18.5;
				MACOSX_DEPLOYMENT_TARGET = 15.4;
				MARKETING_VERSION = 1.0;
				PRODUCT_BUNDLE_IDENTIFIER = tuan.BKMDTests;
				PRODUCT_NAME = "$(TARGET_NAME)";
				SDKROOT = auto;
				SUPPORTED_PLATFORMS = "iphoneos iphonesimulator macosx xros xrsimulator";
				SWIFT_EMIT_LOC_STRINGS = NO;
				SWIFT_VERSION = 5.0;
				TARGETED_DEVICE_FAMILY = "1,2,7";
				TEST_HOST = "$(BUILT_PRODUCTS_DIR)/BKMD.app/$(BUNDLE_EXECUTABLE_FOLDER_PATH)/BKMD";
				XROS_DEPLOYMENT_TARGET = 2.5;
			};
			name = Debug;
		};
		FA59F55A2E22825900E3D2C1 /* Release */ = {
			isa = XCBuildConfiguration;
			buildSettings = {
				BUNDLE_LOADER = "$(TEST_HOST)";
				CODE_SIGN_STYLE = Automatic;
				CURRENT_PROJECT_VERSION = 1;
				GENERATE_INFOPLIST_FILE = YES;
				IPHONEOS_DEPLOYMENT_TARGET = 18.5;
				MACOSX_DEPLOYMENT_TARGET = 15.4;
				MARKETING_VERSION = 1.0;
				PRODUCT_BUNDLE_IDENTIFIER = tuan.BKMDTests;
				PRODUCT_NAME = "$(TARGET_NAME)";
				SDKROOT = auto;
				SUPPORTED_PLATFORMS = "iphoneos iphonesimulator macosx xros xrsimulator";
				SWIFT_EMIT_LOC_STRINGS = NO;
				SWIFT_VERSION = 5.0;
				TARGETED_DEVICE_FAMILY = "1,2,7";
				TEST_HOST = "$(BUILT_PRODUCTS_DIR)/BKMD.app/$(BUNDLE_EXECUTABLE_FOLDER_PATH)/BKMD";
				XROS_DEPLOYMENT_TARGET = 2.5;
			};
			name = Release;
		};
		FA59F55C2E22825900E3D2C1 /* Debug */ = {
			isa = XCBuildConfiguration;
			buildSettings = {
				CODE_SIGN_STYLE = Automatic;
				CURRENT_PROJECT_VERSION = 1;
				GENERATE_INFOPLIST_FILE = YES;
				IPHONEOS_DEPLOYMENT_TARGET = 18.5;
				MACOSX_DEPLOYMENT_TARGET = 15.4;
				MARKETING_VERSION = 1.0;
				PRODUCT_BUNDLE_IDENTIFIER = tuan.BKMDUITests;
				PRODUCT_NAME = "$(TARGET_NAME)";
				SDKROOT = auto;
				SUPPORTED_PLATFORMS = "iphoneos iphonesimulator macosx xros xrsimulator";
				SWIFT_EMIT_LOC_STRINGS = NO;
				SWIFT_VERSION = 5.0;
				TARGETED_DEVICE_FAMILY = "1,2,7";
				TEST_TARGET_NAME = BKMD;
				XROS_DEPLOYMENT_TARGET = 2.5;
			};
			name = Debug;
		};
		FA59F55D2E22825900E3D2C1 /* Release */ = {
			isa = XCBuildConfiguration;
			buildSettings = {
				CODE_SIGN_STYLE = Automatic;
				CURRENT_PROJECT_VERSION = 1;
				GENERATE_INFOPLIST_FILE = YES;
				IPHONEOS_DEPLOYMENT_TARGET = 18.5;
				MACOSX_DEPLOYMENT_TARGET = 15.4;
				MARKETING_VERSION = 1.0;
				PRODUCT_BUNDLE_IDENTIFIER = tuan.BKMDUITests;
				PRODUCT_NAME = "$(TARGET_NAME)";
				SDKROOT = auto;
				SUPPORTED_PLATFORMS = "iphoneos iphonesimulator macosx xros xrsimulator";
				SWIFT_EMIT_LOC_STRINGS = NO;
				SWIFT_VERSION = 5.0;
				TARGETED_DEVICE_FAMILY = "1,2,7";
				TEST_TARGET_NAME = BKMD;
				XROS_DEPLOYMENT_TARGET = 2.5;
			};
			name = Release;
		};
/* End XCBuildConfiguration section */

/* Begin XCConfigurationList section */
		FA59F52E2E22825700E3D2C1 /* Build configuration list for PBXProject "BKMD" */ = {
			isa = XCConfigurationList;
			buildConfigurations = (
				FA59F5532E22825900E3D2C1 /* Debug */,
				FA59F5542E22825900E3D2C1 /* Release */,
			);
			defaultConfigurationIsVisible = 0;
			defaultConfigurationName = Release;
		};
		FA59F5552E22825900E3D2C1 /* Build configuration list for PBXNativeTarget "BKMD" */ = {
			isa = XCConfigurationList;
			buildConfigurations = (
				FA59F5562E22825900E3D2C1 /* Debug */,
				FA59F5572E22825900E3D2C1 /* Release */,
			);
			defaultConfigurationIsVisible = 0;
			defaultConfigurationName = Release;
		};
		FA59F5582E22825900E3D2C1 /* Build configuration list for PBXNativeTarget "BKMDTests" */ = {
			isa = XCConfigurationList;
			buildConfigurations = (
				FA59F5592E22825900E3D2C1 /* Debug */,
				FA59F55A2E22825900E3D2C1 /* Release */,
			);
			defaultConfigurationIsVisible = 0;
			defaultConfigurationName = Release;
		};
		FA59F55B2E22825900E3D2C1 /* Build configuration list for PBXNativeTarget "BKMDUITests" */ = {
			isa = XCConfigurationList;
			buildConfigurations = (
				FA59F55C2E22825900E3D2C1 /* Debug */,
				FA59F55D2E22825900E3D2C1 /* Release */,
			);
			defaultConfigurationIsVisible = 0;
			defaultConfigurationName = Release;
		};
/* End XCConfigurationList section */

/* Begin XCRemoteSwiftPackageReference section */
		FAD784672E9C220C00F00AFE /* XCRemoteSwiftPackageReference "swift-collections" */ = {
			isa = XCRemoteSwiftPackageReference;
			repositoryURL = "https://github.com/apple/swift-collections.git";
			requirement = {
				kind = upToNextMajorVersion;
				minimumVersion = 1.3.0;
			};
		};
/* End XCRemoteSwiftPackageReference section */

/* Begin XCSwiftPackageProductDependency section */
		FA7D5F122E9C4DD1000D0F49 /* _RopeModule */ = {
			isa = XCSwiftPackageProductDependency;
			package = FAD784672E9C220C00F00AFE /* XCRemoteSwiftPackageReference "swift-collections" */;
			productName = _RopeModule;
		};
		FA7D5F142E9C4DD1000D0F49 /* BasicContainers */ = {
			isa = XCSwiftPackageProductDependency;
			package = FAD784672E9C220C00F00AFE /* XCRemoteSwiftPackageReference "swift-collections" */;
			productName = BasicContainers;
		};
		FA7D5F162E9C4DD1000D0F49 /* BitCollections */ = {
			isa = XCSwiftPackageProductDependency;
			package = FAD784672E9C220C00F00AFE /* XCRemoteSwiftPackageReference "swift-collections" */;
			productName = BitCollections;
		};
		FA7D5F182E9C4DD1000D0F49 /* Collections */ = {
			isa = XCSwiftPackageProductDependency;
			package = FAD784672E9C220C00F00AFE /* XCRemoteSwiftPackageReference "swift-collections" */;
			productName = Collections;
		};
		FA7D5F1A2E9C4DD1000D0F49 /* ContainersPreview */ = {
			isa = XCSwiftPackageProductDependency;
			package = FAD784672E9C220C00F00AFE /* XCRemoteSwiftPackageReference "swift-collections" */;
			productName = ContainersPreview;
		};
		FA7D5F1C2E9C4DD1000D0F49 /* DequeModule */ = {
			isa = XCSwiftPackageProductDependency;
			package = FAD784672E9C220C00F00AFE /* XCRemoteSwiftPackageReference "swift-collections" */;
			productName = DequeModule;
		};
		FA7D5F1E2E9C4DD1000D0F49 /* HashTreeCollections */ = {
			isa = XCSwiftPackageProductDependency;
			package = FAD784672E9C220C00F00AFE /* XCRemoteSwiftPackageReference "swift-collections" */;
			productName = HashTreeCollections;
		};
		FA7D5F202E9C4DD1000D0F49 /* HeapModule */ = {
			isa = XCSwiftPackageProductDependency;
			package = FAD784672E9C220C00F00AFE /* XCRemoteSwiftPackageReference "swift-collections" */;
			productName = HeapModule;
		};
		FAD784682E9C22EC00F00AFE /* OrderedCollections */ = {
			isa = XCSwiftPackageProductDependency;
			package = FAD784672E9C220C00F00AFE /* XCRemoteSwiftPackageReference "swift-collections" */;
			productName = OrderedCollections;
		};
/* End XCSwiftPackageProductDependency section */
	};
	rootObject = FA59F52B2E22825700E3D2C1 /* Project object */;
}
